
Microsoft Visual Studio Solution File, Format Version 12.00
# Visual Studio Version 17
VisualStudioVersion = 17.13.35931.197 d17.13
MinimumVisualStudioVersion = 10.0.40219.1
Project("{FAE04EC0-301F-11D3-BF4B-00C04F79EFBC}") = "NWRestfulAPI", "NWRestfulAPI\NWRestfulAPI.csproj", "{05C86549-BDC9-4211-886C-5BC4C3D4E009}"
EndProject
Global
	GlobalSection(SolutionConfigurationPlatforms) = preSolution
		Debug|Any CPU = Debug|Any CPU
		Release|Any CPU = Release|Any CPU
	EndGlobalSection
	GlobalSection(ProjectConfigurationPlatforms) = postSolution
		{05C86549-BDC9-4211-886C-5BC4C3D4E009}.Debug|Any CPU.ActiveCfg = Debug|Any CPU
		{05C86549-BDC9-4211-886C-5BC4C3D4E009}.Debug|Any CPU.Build.0 = Debug|Any CPU
		{05C86549-BDC9-4211-886C-5BC4C3D4E009}.Release|Any CPU.ActiveCfg = Release|Any CPU
		{05C86549-BDC9-4211-886C-5BC4C3D4E009}.Release|Any CPU.Build.0 = Release|Any CPU
	EndGlobalSection
	GlobalSection(SolutionProperties) = preSolution
		HideSolutionNode = FALSE
	EndGlobalSection
	GlobalSection(ExtensibilityGlobals) = postSolution
		SolutionGuid = {9CAC0D8C-3B77-4DE8-84F2-681D0F5F2116}
	EndGlobalSection
EndGlobal
